
Microsoft Visual Studio Solution File, Format Version 12.00
# Visual Studio Version 17
VisualStudioVersion = 17.9.34714.143
MinimumVisualStudioVersion = 10.0.40219.1
Project("{9A19103F-16F7-4668-BE54-9A1E7A4F7556}") = "GildedTros.Cli", "GildedTros.Cli\GildedTros.Cli.csproj", "{5C4C41DC-73B1-49B6-9860-894999D470DD}"
EndProject
Project("{9A19103F-16F7-4668-BE54-9A1E7A4F7556}") = "GildedTros.Tests", "GildedTros.Tests\GildedTros.Tests.csproj", "{4202716F-DE00-4591-A52E-AC160A839115}"
EndProject
Global
	GlobalSection(SolutionConfigurationPlatforms) = preSolution
		Debug|Any CPU = Debug|Any CPU
		Release|Any CPU = Release|Any CPU
	EndGlobalSection
	GlobalSection(ProjectConfigurationPlatforms) = postSolution
		{5C4C41DC-73B1-49B6-9860-894999D470DD}.Debug|Any CPU.ActiveCfg = Debug|Any CPU
		{5C4C41DC-73B1-49B6-9860-894999D470DD}.Debug|Any CPU.Build.0 = Debug|Any CPU
		{5C4C41DC-73B1-49B6-9860-894999D470DD}.Release|Any CPU.ActiveCfg = Release|Any CPU
		{5C4C41DC-73B1-49B6-9860-894999D470DD}.Release|Any CPU.Build.0 = Release|Any CPU
		{4202716F-DE00-4591-A52E-AC160A839115}.Debug|Any CPU.ActiveCfg = Debug|Any CPU
		{4202716F-DE00-4591-A52E-AC160A839115}.Debug|Any CPU.Build.0 = Debug|Any CPU
		{4202716F-DE00-4591-A52E-AC160A839115}.Release|Any CPU.ActiveCfg = Release|Any CPU
		{4202716F-DE00-4591-A52E-AC160A839115}.Release|Any CPU.Build.0 = Release|Any CPU
	EndGlobalSection
	GlobalSection(SolutionProperties) = preSolution
		HideSolutionNode = FALSE
	EndGlobalSection
	GlobalSection(ExtensibilityGlobals) = postSolution
		SolutionGuid = {3B616254-E8A5-4E84-B2EC-2D27B5CBAA64}
	EndGlobalSection
EndGlobal
